
Microsoft Visual Studio Solution File, Format Version 12.00
# Visual Studio Version 17
VisualStudioVersion = 17.0.31903.59
MinimumVisualStudioVersion = 10.0.40219.1
Project("{FAE04EC0-301F-11D3-BF4B-00C04F79EFBC}") = "examsolution", "examsolution\examsolution.csproj", "{7149CC53-A1BB-4BDF-B99E-736CB36349A2}"
EndProject
Project("{2150E333-8FDC-42A3-9474-1A3956D46DE8}") = "Modules", "Modules", "{CA253913-39DE-BFD0-C9A3-4B7EC6FBDF17}"
EndProject
Project("{FAE04EC0-301F-11D3-BF4B-00C04F79EFBC}") = "AnalyticsService", "Modules\AnalyticsService\AnalyticsService.csproj", "{083440A7-10C2-4C24-B87A-429AA40D05EA}"
EndProject
Project("{FAE04EC0-301F-11D3-BF4B-00C04F79EFBC}") = "AuthService", "Modules\AuthService\AuthService.csproj", "{C800D5CD-DC86-450D-AF22-73CA81D5B06C}"
EndProject
Project("{FAE04EC0-301F-11D3-BF4B-00C04F79EFBC}") = "CourseService", "Modules\CourseService\CourseService.csproj", "{EF6AD26B-08FD-4C2B-A110-9FC2FA2FAA75}"
EndProject
Project("{FAE04EC0-301F-11D3-BF4B-00C04F79EFBC}") = "EnrollmentService", "Modules\EnrollmentService\EnrollmentService.csproj", "{F58A4C0C-4D48-4629-A7FD-5F1A9CA99293}"
EndProject
Project("{FAE04EC0-301F-11D3-BF4B-00C04F79EFBC}") = "ExamAttemptService", "Modules\ExamAttemptService\ExamAttemptService.csproj", "{C4C938C6-AD79-49AA-B6E4-97C1058D48E3}"
EndProject
Project("{FAE04EC0-301F-11D3-BF4B-00C04F79EFBC}") = "ExamService", "Modules\ExamService\ExamService.csproj", "{DF5F8A84-3496-4D3D-AF87-24CFCF4A6952}"
EndProject
Project("{FAE04EC0-301F-11D3-BF4B-00C04F79EFBC}") = "NotificationService", "Modules\NotificationService\NotificationService.csproj", "{FDC19694-0AA1-4ADC-8C44-820B175E1FF1}"
EndProject
Project("{FAE04EC0-301F-11D3-BF4B-00C04F79EFBC}") = "ProctoringService", "Modules\ProctoringService\ProctoringService.csproj", "{7F5A9E67-4772-45D3-B784-7671989B1326}"
EndProject
Project("{FAE04EC0-301F-11D3-BF4B-00C04F79EFBC}") = "QuestionBankService", "Modules\QuestionBankService\QuestionBankService.csproj", "{28223394-1FF1-4CFF-B24E-6574E12AD304}"
EndProject
Project("{FAE04EC0-301F-11D3-BF4B-00C04F79EFBC}") = "ResultService", "Modules\ResultService\ResultService.csproj", "{3907B447-0F2D-4949-B7AC-A3D801624C02}"
EndProject
Project("{FAE04EC0-301F-11D3-BF4B-00C04F79EFBC}") = "VideoClassesService", "Modules\VideoClassesService\VideoClassesService.csproj", "{5AE4EFDF-62BC-4F91-8AF4-27DAC030BD55}"
EndProject
Project("{FAE04EC0-301F-11D3-BF4B-00C04F79EFBC}") = "WalletService", "Modules\WalletService\WalletService.csproj", "{12E4E805-B3A7-4A17-9F50-7F9DE5C85B18}"
EndProject
Project("{FAE04EC0-301F-11D3-BF4B-00C04F79EFBC}") = "StorageService", "Modules\StorageService\StorageService.csproj", "{184C4B19-75D0-46C0-9563-5673E2B891E6}"
EndProject
Global
	GlobalSection(SolutionConfigurationPlatforms) = preSolution
		Debug|Any CPU = Debug|Any CPU
		Debug|x64 = Debug|x64
		Debug|x86 = Debug|x86
		Release|Any CPU = Release|Any CPU
		Release|x64 = Release|x64
		Release|x86 = Release|x86
	EndGlobalSection
	GlobalSection(ProjectConfigurationPlatforms) = postSolution
		{7149CC53-A1BB-4BDF-B99E-736CB36349A2}.Debug|Any CPU.ActiveCfg = Debug|Any CPU
		{7149CC53-A1BB-4BDF-B99E-736CB36349A2}.Debug|Any CPU.Build.0 = Debug|Any CPU
		{7149CC53-A1BB-4BDF-B99E-736CB36349A2}.Debug|x64.ActiveCfg = Debug|Any CPU
		{7149CC53-A1BB-4BDF-B99E-736CB36349A2}.Debug|x64.Build.0 = Debug|Any CPU
		{7149CC53-A1BB-4BDF-B99E-736CB36349A2}.Debug|x86.ActiveCfg = Debug|Any CPU
		{7149CC53-A1BB-4BDF-B99E-736CB36349A2}.Debug|x86.Build.0 = Debug|Any CPU
		{7149CC53-A1BB-4BDF-B99E-736CB36349A2}.Release|Any CPU.ActiveCfg = Release|Any CPU
		{7149CC53-A1BB-4BDF-B99E-736CB36349A2}.Release|Any CPU.Build.0 = Release|Any CPU
		{7149CC53-A1BB-4BDF-B99E-736CB36349A2}.Release|x64.ActiveCfg = Release|Any CPU
		{7149CC53-A1BB-4BDF-B99E-736CB36349A2}.Release|x64.Build.0 = Release|Any CPU
		{7149CC53-A1BB-4BDF-B99E-736CB36349A2}.Release|x86.ActiveCfg = Release|Any CPU
		{7149CC53-A1BB-4BDF-B99E-736CB36349A2}.Release|x86.Build.0 = Release|Any CPU
		{083440A7-10C2-4C24-B87A-429AA40D05EA}.Debug|Any CPU.ActiveCfg = Debug|Any CPU
		{083440A7-10C2-4C24-B87A-429AA40D05EA}.Debug|Any CPU.Build.0 = Debug|Any CPU
		{083440A7-10C2-4C24-B87A-429AA40D05EA}.Debug|x64.ActiveCfg = Debug|Any CPU
		{083440A7-10C2-4C24-B87A-429AA40D05EA}.Debug|x64.Build.0 = Debug|Any CPU
		{083440A7-10C2-4C24-B87A-429AA40D05EA}.Debug|x86.ActiveCfg = Debug|Any CPU
		{083440A7-10C2-4C24-B87A-429AA40D05EA}.Debug|x86.Build.0 = Debug|Any CPU
		{083440A7-10C2-4C24-B87A-429AA40D05EA}.Release|Any CPU.ActiveCfg = Release|Any CPU
		{083440A7-10C2-4C24-B87A-429AA40D05EA}.Release|Any CPU.Build.0 = Release|Any CPU
		{083440A7-10C2-4C24-B87A-429AA40D05EA}.Release|x64.ActiveCfg = Release|Any CPU
		{083440A7-10C2-4C24-B87A-429AA40D05EA}.Release|x64.Build.0 = Release|Any CPU
		{083440A7-10C2-4C24-B87A-429AA40D05EA}.Release|x86.ActiveCfg = Release|Any CPU
		{083440A7-10C2-4C24-B87A-429AA40D05EA}.Release|x86.Build.0 = Release|Any CPU
		{C800D5CD-DC86-450D-AF22-73CA81D5B06C}.Debug|Any CPU.ActiveCfg = Debug|Any CPU
		{C800D5CD-DC86-450D-AF22-73CA81D5B06C}.Debug|Any CPU.Build.0 = Debug|Any CPU
		{C800D5CD-DC86-450D-AF22-73CA81D5B06C}.Debug|x64.ActiveCfg = Debug|Any CPU
		{C800D5CD-DC86-450D-AF22-73CA81D5B06C}.Debug|x64.Build.0 = Debug|Any CPU
		{C800D5CD-DC86-450D-AF22-73CA81D5B06C}.Debug|x86.ActiveCfg = Debug|Any CPU
		{C800D5CD-DC86-450D-AF22-73CA81D5B06C}.Debug|x86.Build.0 = Debug|Any CPU
		{C800D5CD-DC86-450D-AF22-73CA81D5B06C}.Release|Any CPU.ActiveCfg = Release|Any CPU
		{C800D5CD-DC86-450D-AF22-73CA81D5B06C}.Release|Any CPU.Build.0 = Release|Any CPU
		{C800D5CD-DC86-450D-AF22-73CA81D5B06C}.Release|x64.ActiveCfg = Release|Any CPU
		{C800D5CD-DC86-450D-AF22-73CA81D5B06C}.Release|x64.Build.0 = Release|Any CPU
		{C800D5CD-DC86-450D-AF22-73CA81D5B06C}.Release|x86.ActiveCfg = Release|Any CPU
		{C800D5CD-DC86-450D-AF22-73CA81D5B06C}.Release|x86.Build.0 = Release|Any CPU
		{EF6AD26B-08FD-4C2B-A110-9FC2FA2FAA75}.Debug|Any CPU.ActiveCfg = Debug|Any CPU
		{EF6AD26B-08FD-4C2B-A110-9FC2FA2FAA75}.Debug|Any CPU.Build.0 = Debug|Any CPU
		{EF6AD26B-08FD-4C2B-A110-9FC2FA2FAA75}.Debug|x64.ActiveCfg = Debug|Any CPU
		{EF6AD26B-08FD-4C2B-A110-9FC2FA2FAA75}.Debug|x64.Build.0 = Debug|Any CPU
		{EF6AD26B-08FD-4C2B-A110-9FC2FA2FAA75}.Debug|x86.ActiveCfg = Debug|Any CPU
		{EF6AD26B-08FD-4C2B-A110-9FC2FA2FAA75}.Debug|x86.Build.0 = Debug|Any CPU
		{EF6AD26B-08FD-4C2B-A110-9FC2FA2FAA75}.Release|Any CPU.ActiveCfg = Release|Any CPU
		{EF6AD26B-08FD-4C2B-A110-9FC2FA2FAA75}.Release|Any CPU.Build.0 = Release|Any CPU
		{EF6AD26B-08FD-4C2B-A110-9FC2FA2FAA75}.Release|x64.ActiveCfg = Release|Any CPU
		{EF6AD26B-08FD-4C2B-A110-9FC2FA2FAA75}.Release|x64.Build.0 = Release|Any CPU
		{EF6AD26B-08FD-4C2B-A110-9FC2FA2FAA75}.Release|x86.ActiveCfg = Release|Any CPU
		{EF6AD26B-08FD-4C2B-A110-9FC2FA2FAA75}.Release|x86.Build.0 = Release|Any CPU
		{F58A4C0C-4D48-4629-A7FD-5F1A9CA99293}.Debug|Any CPU.ActiveCfg = Debug|Any CPU
		{F58A4C0C-4D48-4629-A7FD-5F1A9CA99293}.Debug|Any CPU.Build.0 = Debug|Any CPU
		{F58A4C0C-4D48-4629-A7FD-5F1A9CA99293}.Debug|x64.ActiveCfg = Debug|Any CPU
		{F58A4C0C-4D48-4629-A7FD-5F1A9CA99293}.Debug|x64.Build.0 = Debug|Any CPU
		{F58A4C0C-4D48-4629-A7FD-5F1A9CA99293}.Debug|x86.ActiveCfg = Debug|Any CPU
		{F58A4C0C-4D48-4629-A7FD-5F1A9CA99293}.Debug|x86.Build.0 = Debug|Any CPU
		{F58A4C0C-4D48-4629-A7FD-5F1A9CA99293}.Release|Any CPU.ActiveCfg = Release|Any CPU
		{F58A4C0C-4D48-4629-A7FD-5F1A9CA99293}.Release|Any CPU.Build.0 = Release|Any CPU
		{F58A4C0C-4D48-4629-A7FD-5F1A9CA99293}.Release|x64.ActiveCfg = Release|Any CPU
		{F58A4C0C-4D48-4629-A7FD-5F1A9CA99293}.Release|x64.Build.0 = Release|Any CPU
		{F58A4C0C-4D48-4629-A7FD-5F1A9CA99293}.Release|x86.ActiveCfg = Release|Any CPU
		{F58A4C0C-4D48-4629-A7FD-5F1A9CA99293}.Release|x86.Build.0 = Release|Any CPU
		{C4C938C6-AD79-49AA-B6E4-97C1058D48E3}.Debug|Any CPU.ActiveCfg = Debug|Any CPU
		{C4C938C6-AD79-49AA-B6E4-97C1058D48E3}.Debug|Any CPU.Build.0 = Debug|Any CPU
		{C4C938C6-AD79-49AA-B6E4-97C1058D48E3}.Debug|x64.ActiveCfg = Debug|Any CPU
		{C4C938C6-AD79-49AA-B6E4-97C1058D48E3}.Debug|x64.Build.0 = Debug|Any CPU
		{C4C938C6-AD79-49AA-B6E4-97C1058D48E3}.Debug|x86.ActiveCfg = Debug|Any CPU
		{C4C938C6-AD79-49AA-B6E4-97C1058D48E3}.Debug|x86.Build.0 = Debug|Any CPU
		{C4C938C6-AD79-49AA-B6E4-97C1058D48E3}.Release|Any CPU.ActiveCfg = Release|Any CPU
		{C4C938C6-AD79-49AA-B6E4-97C1058D48E3}.Release|Any CPU.Build.0 = Release|Any CPU
		{C4C938C6-AD79-49AA-B6E4-97C1058D48E3}.Release|x64.ActiveCfg = Release|Any CPU
		{C4C938C6-AD79-49AA-B6E4-97C1058D48E3}.Release|x64.Build.0 = Release|Any CPU
		{C4C938C6-AD79-49AA-B6E4-97C1058D48E3}.Release|x86.ActiveCfg = Release|Any CPU
		{C4C938C6-AD79-49AA-B6E4-97C1058D48E3}.Release|x86.Build.0 = Release|Any CPU
		{DF5F8A84-3496-4D3D-AF87-24CFCF4A6952}.Debug|Any CPU.ActiveCfg = Debug|Any CPU
		{DF5F8A84-3496-4D3D-AF87-24CFCF4A6952}.Debug|Any CPU.Build.0 = Debug|Any CPU
		{DF5F8A84-3496-4D3D-AF87-24CFCF4A6952}.Debug|x64.ActiveCfg = Debug|Any CPU
		{DF5F8A84-3496-4D3D-AF87-24CFCF4A6952}.Debug|x64.Build.0 = Debug|Any CPU
		{DF5F8A84-3496-4D3D-AF87-24CFCF4A6952}.Debug|x86.ActiveCfg = Debug|Any CPU
		{DF5F8A84-3496-4D3D-AF87-24CFCF4A6952}.Debug|x86.Build.0 = Debug|Any CPU
		{DF5F8A84-3496-4D3D-AF87-24CFCF4A6952}.Release|Any CPU.ActiveCfg = Release|Any CPU
		{DF5F8A84-3496-4D3D-AF87-24CFCF4A6952}.Release|Any CPU.Build.0 = Release|Any CPU
		{DF5F8A84-3496-4D3D-AF87-24CFCF4A6952}.Release|x64.ActiveCfg = Release|Any CPU
		{DF5F8A84-3496-4D3D-AF87-24CFCF4A6952}.Release|x64.Build.0 = Release|Any CPU
		{DF5F8A84-3496-4D3D-AF87-24CFCF4A6952}.Release|x86.ActiveCfg = Release|Any CPU
		{DF5F8A84-3496-4D3D-AF87-24CFCF4A6952}.Release|x86.Build.0 = Release|Any CPU
		{FDC19694-0AA1-4ADC-8C44-820B175E1FF1}.Debug|Any CPU.ActiveCfg = Debug|Any CPU
		{FDC19694-0AA1-4ADC-8C44-820B175E1FF1}.Debug|Any CPU.Build.0 = Debug|Any CPU
		{FDC19694-0AA1-4ADC-8C44-820B175E1FF1}.Debug|x64.ActiveCfg = Debug|Any CPU
		{FDC19694-0AA1-4ADC-8C44-820B175E1FF1}.Debug|x64.Build.0 = Debug|Any CPU
		{FDC19694-0AA1-4ADC-8C44-820B175E1FF1}.Debug|x86.ActiveCfg = Debug|Any CPU
		{FDC19694-0AA1-4ADC-8C44-820B175E1FF1}.Debug|x86.Build.0 = Debug|Any CPU
		{FDC19694-0AA1-4ADC-8C44-820B175E1FF1}.Release|Any CPU.ActiveCfg = Release|Any CPU
		{FDC19694-0AA1-4ADC-8C44-820B175E1FF1}.Release|Any CPU.Build.0 = Release|Any CPU
		{FDC19694-0AA1-4ADC-8C44-820B175E1FF1}.Release|x64.ActiveCfg = Release|Any CPU
		{FDC19694-0AA1-4ADC-8C44-820B175E1FF1}.Release|x64.Build.0 = Release|Any CPU
		{FDC19694-0AA1-4ADC-8C44-820B175E1FF1}.Release|x86.ActiveCfg = Release|Any CPU
		{FDC19694-0AA1-4ADC-8C44-820B175E1FF1}.Release|x86.Build.0 = Release|Any CPU
		{7F5A9E67-4772-45D3-B784-7671989B1326}.Debug|Any CPU.ActiveCfg = Debug|Any CPU
		{7F5A9E67-4772-45D3-B784-7671989B1326}.Debug|Any CPU.Build.0 = Debug|Any CPU
		{7F5A9E67-4772-45D3-B784-7671989B1326}.Debug|x64.ActiveCfg = Debug|Any CPU
		{7F5A9E67-4772-45D3-B784-7671989B1326}.Debug|x64.Build.0 = Debug|Any CPU
		{7F5A9E67-4772-45D3-B784-7671989B1326}.Debug|x86.ActiveCfg = Debug|Any CPU
		{7F5A9E67-4772-45D3-B784-7671989B1326}.Debug|x86.Build.0 = Debug|Any CPU
		{7F5A9E67-4772-45D3-B784-7671989B1326}.Release|Any CPU.ActiveCfg = Release|Any CPU
		{7F5A9E67-4772-45D3-B784-7671989B1326}.Release|Any CPU.Build.0 = Release|Any CPU
		{7F5A9E67-4772-45D3-B784-7671989B1326}.Release|x64.ActiveCfg = Release|Any CPU
		{7F5A9E67-4772-45D3-B784-7671989B1326}.Release|x64.Build.0 = Release|Any CPU
		{7F5A9E67-4772-45D3-B784-7671989B1326}.Release|x86.ActiveCfg = Release|Any CPU
		{7F5A9E67-4772-45D3-B784-7671989B1326}.Release|x86.Build.0 = Release|Any CPU
		{28223394-1FF1-4CFF-B24E-6574E12AD304}.Debug|Any CPU.ActiveCfg = Debug|Any CPU
		{28223394-1FF1-4CFF-B24E-6574E12AD304}.Debug|Any CPU.Build.0 = Debug|Any CPU
		{28223394-1FF1-4CFF-B24E-6574E12AD304}.Debug|x64.ActiveCfg = Debug|Any CPU
		{28223394-1FF1-4CFF-B24E-6574E12AD304}.Debug|x64.Build.0 = Debug|Any CPU
		{28223394-1FF1-4CFF-B24E-6574E12AD304}.Debug|x86.ActiveCfg = Debug|Any CPU
		{28223394-1FF1-4CFF-B24E-6574E12AD304}.Debug|x86.Build.0 = Debug|Any CPU
		{28223394-1FF1-4CFF-B24E-6574E12AD304}.Release|Any CPU.ActiveCfg = Release|Any CPU
		{28223394-1FF1-4CFF-B24E-6574E12AD304}.Release|Any CPU.Build.0 = Release|Any CPU
		{28223394-1FF1-4CFF-B24E-6574E12AD304}.Release|x64.ActiveCfg = Release|Any CPU
		{28223394-1FF1-4CFF-B24E-6574E12AD304}.Release|x64.Build.0 = Release|Any CPU
		{28223394-1FF1-4CFF-B24E-6574E12AD304}.Release|x86.ActiveCfg = Release|Any CPU
		{28223394-1FF1-4CFF-B24E-6574E12AD304}.Release|x86.Build.0 = Release|Any CPU
		{3907B447-0F2D-4949-B7AC-A3D801624C02}.Debug|Any CPU.ActiveCfg = Debug|Any CPU
		{3907B447-0F2D-4949-B7AC-A3D801624C02}.Debug|Any CPU.Build.0 = Debug|Any CPU
		{3907B447-0F2D-4949-B7AC-A3D801624C02}.Debug|x64.ActiveCfg = Debug|Any CPU
		{3907B447-0F2D-4949-B7AC-A3D801624C02}.Debug|x64.Build.0 = Debug|Any CPU
		{3907B447-0F2D-4949-B7AC-A3D801624C02}.Debug|x86.ActiveCfg = Debug|Any CPU
		{3907B447-0F2D-4949-B7AC-A3D801624C02}.Debug|x86.Build.0 = Debug|Any CPU
		{3907B447-0F2D-4949-B7AC-A3D801624C02}.Release|Any CPU.ActiveCfg = Release|Any CPU
		{3907B447-0F2D-4949-B7AC-A3D801624C02}.Release|Any CPU.Build.0 = Release|Any CPU
		{3907B447-0F2D-4949-B7AC-A3D801624C02}.Release|x64.ActiveCfg = Release|Any CPU
		{3907B447-0F2D-4949-B7AC-A3D801624C02}.Release|x64.Build.0 = Release|Any CPU
		{3907B447-0F2D-4949-B7AC-A3D801624C02}.Release|x86.ActiveCfg = Release|Any CPU
		{3907B447-0F2D-4949-B7AC-A3D801624C02}.Release|x86.Build.0 = Release|Any CPU
		{5AE4EFDF-62BC-4F91-8AF4-27DAC030BD55}.Debug|Any CPU.ActiveCfg = Debug|Any CPU
		{5AE4EFDF-62BC-4F91-8AF4-27DAC030BD55}.Debug|Any CPU.Build.0 = Debug|Any CPU
		{5AE4EFDF-62BC-4F91-8AF4-27DAC030BD55}.Debug|x64.ActiveCfg = Debug|Any CPU
		{5AE4EFDF-62BC-4F91-8AF4-27DAC030BD55}.Debug|x64.Build.0 = Debug|Any CPU
		{5AE4EFDF-62BC-4F91-8AF4-27DAC030BD55}.Debug|x86.ActiveCfg = Debug|Any CPU
		{5AE4EFDF-62BC-4F91-8AF4-27DAC030BD55}.Debug|x86.Build.0 = Debug|Any CPU
		{5AE4EFDF-62BC-4F91-8AF4-27DAC030BD55}.Release|Any CPU.ActiveCfg = Release|Any CPU
		{5AE4EFDF-62BC-4F91-8AF4-27DAC030BD55}.Release|Any CPU.Build.0 = Release|Any CPU
		{5AE4EFDF-62BC-4F91-8AF4-27DAC030BD55}.Release|x64.ActiveCfg = Release|Any CPU
		{5AE4EFDF-62BC-4F91-8AF4-27DAC030BD55}.Release|x64.Build.0 = Release|Any CPU
		{5AE4EFDF-62BC-4F91-8AF4-27DAC030BD55}.Release|x86.ActiveCfg = Release|Any CPU
		{5AE4EFDF-62BC-4F91-8AF4-27DAC030BD55}.Release|x86.Build.0 = Release|Any CPU
		{12E4E805-B3A7-4A17-9F50-7F9DE5C85B18}.Debug|Any CPU.ActiveCfg = Debug|Any CPU
		{12E4E805-B3A7-4A17-9F50-7F9DE5C85B18}.Debug|Any CPU.Build.0 = Debug|Any CPU
		{12E4E805-B3A7-4A17-9F50-7F9DE5C85B18}.Debug|x64.ActiveCfg = Debug|Any CPU
		{12E4E805-B3A7-4A17-9F50-7F9DE5C85B18}.Debug|x64.Build.0 = Debug|Any CPU
		{12E4E805-B3A7-4A17-9F50-7F9DE5C85B18}.Debug|x86.ActiveCfg = Debug|Any CPU
		{12E4E805-B3A7-4A17-9F50-7F9DE5C85B18}.Debug|x86.Build.0 = Debug|Any CPU
		{12E4E805-B3A7-4A17-9F50-7F9DE5C85B18}.Release|Any CPU.ActiveCfg = Release|Any CPU
		{12E4E805-B3A7-4A17-9F50-7F9DE5C85B18}.Release|Any CPU.Build.0 = Release|Any CPU
		{12E4E805-B3A7-4A17-9F50-7F9DE5C85B18}.Release|x64.ActiveCfg = Release|Any CPU
		{12E4E805-B3A7-4A17-9F50-7F9DE5C85B18}.Release|x64.Build.0 = Release|Any CPU
		{12E4E805-B3A7-4A17-9F50-7F9DE5C85B18}.Release|x86.ActiveCfg = Release|Any CPU
		{12E4E805-B3A7-4A17-9F50-7F9DE5C85B18}.Release|x86.Build.0 = Release|Any CPU
		{184C4B19-75D0-46C0-9563-5673E2B891E6}.Debug|Any CPU.ActiveCfg = Debug|Any CPU
		{184C4B19-75D0-46C0-9563-5673E2B891E6}.Debug|Any CPU.Build.0 = Debug|Any CPU
		{184C4B19-75D0-46C0-9563-5673E2B891E6}.Debug|x64.ActiveCfg = Debug|Any CPU
		{184C4B19-75D0-46C0-9563-5673E2B891E6}.Debug|x64.Build.0 = Debug|Any CPU
		{184C4B19-75D0-46C0-9563-5673E2B891E6}.Debug|x86.ActiveCfg = Debug|Any CPU
		{184C4B19-75D0-46C0-9563-5673E2B891E6}.Debug|x86.Build.0 = Debug|Any CPU
		{184C4B19-75D0-46C0-9563-5673E2B891E6}.Release|Any CPU.ActiveCfg = Release|Any CPU
		{184C4B19-75D0-46C0-9563-5673E2B891E6}.Release|Any CPU.Build.0 = Release|Any CPU
		{184C4B19-75D0-46C0-9563-5673E2B891E6}.Release|x64.ActiveCfg = Release|Any CPU
		{184C4B19-75D0-46C0-9563-5673E2B891E6}.Release|x64.Build.0 = Release|Any CPU
		{184C4B19-75D0-46C0-9563-5673E2B891E6}.Release|x86.ActiveCfg = Release|Any CPU
		{184C4B19-75D0-46C0-9563-5673E2B891E6}.Release|x86.Build.0 = Release|Any CPU
	EndGlobalSection
	GlobalSection(SolutionProperties) = preSolution
		HideSolutionNode = FALSE
	EndGlobalSection
	GlobalSection(NestedProjects) = preSolution
		{083440A7-10C2-4C24-B87A-429AA40D05EA} = {CA253913-39DE-BFD0-C9A3-4B7EC6FBDF17}
		{C800D5CD-DC86-450D-AF22-73CA81D5B06C} = {CA253913-39DE-BFD0-C9A3-4B7EC6FBDF17}
		{EF6AD26B-08FD-4C2B-A110-9FC2FA2FAA75} = {CA253913-39DE-BFD0-C9A3-4B7EC6FBDF17}
		{F58A4C0C-4D48-4629-A7FD-5F1A9CA99293} = {CA253913-39DE-BFD0-C9A3-4B7EC6FBDF17}
		{C4C938C6-AD79-49AA-B6E4-97C1058D48E3} = {CA253913-39DE-BFD0-C9A3-4B7EC6FBDF17}
		{DF5F8A84-3496-4D3D-AF87-24CFCF4A6952} = {CA253913-39DE-BFD0-C9A3-4B7EC6FBDF17}
		{FDC19694-0AA1-4ADC-8C44-820B175E1FF1} = {CA253913-39DE-BFD0-C9A3-4B7EC6FBDF17}
		{7F5A9E67-4772-45D3-B784-7671989B1326} = {CA253913-39DE-BFD0-C9A3-4B7EC6FBDF17}
		{28223394-1FF1-4CFF-B24E-6574E12AD304} = {CA253913-39DE-BFD0-C9A3-4B7EC6FBDF17}
		{3907B447-0F2D-4949-B7AC-A3D801624C02} = {CA253913-39DE-BFD0-C9A3-4B7EC6FBDF17}
		{5AE4EFDF-62BC-4F91-8AF4-27DAC030BD55} = {CA253913-39DE-BFD0-C9A3-4B7EC6FBDF17}
		{12E4E805-B3A7-4A17-9F50-7F9DE5C85B18} = {CA253913-39DE-BFD0-C9A3-4B7EC6FBDF17}
		{184C4B19-75D0-46C0-9563-5673E2B891E6} = {CA253913-39DE-BFD0-C9A3-4B7EC6FBDF17}
	EndGlobalSection
EndGlobal
